
Microsoft Visual Studio Solution File, Format Version 12.00
# Visual Studio 14
VisualStudioVersion = 14.0.25420.1
MinimumVisualStudioVersion = 10.0.40219.1
Project("{2150E333-8FDC-42A3-9474-1A3956D46DE8}") = "src", "src", "{E27EB736-6715-4111-8A94-06800D15F884}"
EndProject
Project("{2150E333-8FDC-42A3-9474-1A3956D46DE8}") = "Solution Items", "Solution Items", "{B687AD6A-2C81-492D-B18F-A830C4823AAF}"
	ProjectSection(SolutionItems) = preProject
		global.json = global.json
	EndProjectSection
EndProject
Project("{8BB2217D-0F2D-49D1-97BC-3654ED321F3B}") = "Com.Natoma.Adpq.Prototype.Web", "src\Com.Natoma.Adpq.Prototype.web\Com.Natoma.Adpq.Prototype.Web.xproj", "{ED508F64-5137-4DD3-A31B-59EFD04324D5}"
EndProject
Project("{2150E333-8FDC-42A3-9474-1A3956D46DE8}") = "test", "test", "{AA91DC0D-B3E9-4C35-A286-EEF57E34087A}"
EndProject
Project("{8BB2217D-0F2D-49D1-97BC-3654ED321F3B}") = "Com.Natoma.Adpq.Prototype.Api", "src\Com.Natoma.Adpq.Prototype.Api\Com.Natoma.Adpq.Prototype.Api.xproj", "{1D2CF7D9-985F-455C-988C-AF169891DBEB}"
EndProject
Project("{8BB2217D-0F2D-49D1-97BC-3654ED321F3B}") = "Com.Natoma.Adpq.Prototype.Business", "src\Com.Natoma.Adpq.Prototype.Business\Com.Natoma.Adpq.Prototype.Business.xproj", "{26BE6B1D-F202-42F4-8667-E51A005B96D8}"
EndProject
Project("{8BB2217D-0F2D-49D1-97BC-3654ED321F3B}") = "Com.Natoma.Adpq.Prototype.Api.Test", "test\Com.Natoma.Adpq.Prototype.Api.Test\Com.Natoma.Adpq.Prototype.Api.Test.xproj", "{8A91E01D-987B-41A6-BB34-C9B62A8F72E7}"
EndProject
Project("{8BB2217D-0F2D-49D1-97BC-3654ED321F3B}") = "Com.Natoma.Adpq.Prototype.Business.Test", "test\Com.Natoma.Adpq.Prototype.Business.Test\Com.Natoma.Adpq.Prototype.Business.Test.xproj", "{3FC44EAE-026C-4AC4-BB8C-A866519B7365}"
EndProject
Global
	GlobalSection(SolutionConfigurationPlatforms) = preSolution
		Debug|Any CPU = Debug|Any CPU
		Release|Any CPU = Release|Any CPU
	EndGlobalSection
	GlobalSection(ProjectConfigurationPlatforms) = postSolution
		{ED508F64-5137-4DD3-A31B-59EFD04324D5}.Debug|Any CPU.ActiveCfg = Debug|Any CPU
		{ED508F64-5137-4DD3-A31B-59EFD04324D5}.Debug|Any CPU.Build.0 = Debug|Any CPU
		{ED508F64-5137-4DD3-A31B-59EFD04324D5}.Release|Any CPU.ActiveCfg = Release|Any CPU
		{ED508F64-5137-4DD3-A31B-59EFD04324D5}.Release|Any CPU.Build.0 = Release|Any CPU
		{1D2CF7D9-985F-455C-988C-AF169891DBEB}.Debug|Any CPU.ActiveCfg = Debug|Any CPU
		{1D2CF7D9-985F-455C-988C-AF169891DBEB}.Debug|Any CPU.Build.0 = Debug|Any CPU
		{1D2CF7D9-985F-455C-988C-AF169891DBEB}.Release|Any CPU.ActiveCfg = Release|Any CPU
		{1D2CF7D9-985F-455C-988C-AF169891DBEB}.Release|Any CPU.Build.0 = Release|Any CPU
		{26BE6B1D-F202-42F4-8667-E51A005B96D8}.Debug|Any CPU.ActiveCfg = Debug|Any CPU
		{26BE6B1D-F202-42F4-8667-E51A005B96D8}.Debug|Any CPU.Build.0 = Debug|Any CPU
		{26BE6B1D-F202-42F4-8667-E51A005B96D8}.Release|Any CPU.ActiveCfg = Release|Any CPU
		{26BE6B1D-F202-42F4-8667-E51A005B96D8}.Release|Any CPU.Build.0 = Release|Any CPU
		{8A91E01D-987B-41A6-BB34-C9B62A8F72E7}.Debug|Any CPU.ActiveCfg = Debug|Any CPU
		{8A91E01D-987B-41A6-BB34-C9B62A8F72E7}.Debug|Any CPU.Build.0 = Debug|Any CPU
		{8A91E01D-987B-41A6-BB34-C9B62A8F72E7}.Release|Any CPU.ActiveCfg = Release|Any CPU
		{8A91E01D-987B-41A6-BB34-C9B62A8F72E7}.Release|Any CPU.Build.0 = Release|Any CPU
		{3FC44EAE-026C-4AC4-BB8C-A866519B7365}.Debug|Any CPU.ActiveCfg = Debug|Any CPU
		{3FC44EAE-026C-4AC4-BB8C-A866519B7365}.Debug|Any CPU.Build.0 = Debug|Any CPU
		{3FC44EAE-026C-4AC4-BB8C-A866519B7365}.Release|Any CPU.ActiveCfg = Release|Any CPU
		{3FC44EAE-026C-4AC4-BB8C-A866519B7365}.Release|Any CPU.Build.0 = Release|Any CPU
	EndGlobalSection
	GlobalSection(SolutionProperties) = preSolution
		HideSolutionNode = FALSE
	EndGlobalSection
	GlobalSection(NestedProjects) = preSolution
		{ED508F64-5137-4DD3-A31B-59EFD04324D5} = {E27EB736-6715-4111-8A94-06800D15F884}
		{1D2CF7D9-985F-455C-988C-AF169891DBEB} = {E27EB736-6715-4111-8A94-06800D15F884}
		{26BE6B1D-F202-42F4-8667-E51A005B96D8} = {E27EB736-6715-4111-8A94-06800D15F884}
		{8A91E01D-987B-41A6-BB34-C9B62A8F72E7} = {AA91DC0D-B3E9-4C35-A286-EEF57E34087A}
		{3FC44EAE-026C-4AC4-BB8C-A866519B7365} = {AA91DC0D-B3E9-4C35-A286-EEF57E34087A}
	EndGlobalSection
EndGlobal
